
Microsoft Visual Studio Solution File, Format Version 12.00
# Visual Studio Version 17
VisualStudioVersion = 17.11.35327.3
MinimumVisualStudioVersion = 10.0.40219.1
Project("{FAE04EC0-301F-11D3-BF4B-00C04F79EFBC}") = "Lesson1", "Lesson1\Lesson1.csproj", "{6C282167-40E8-40D4-9755-09FE578D0783}"
EndProject
Global
	GlobalSection(SolutionConfigurationPlatforms) = preSolution
		Debug|Any CPU = Debug|Any CPU
		Release|Any CPU = Release|Any CPU
	EndGlobalSection
	GlobalSection(ProjectConfigurationPlatforms) = postSolution
		{6C282167-40E8-40D4-9755-09FE578D0783}.Debug|Any CPU.ActiveCfg = Debug|Any CPU
		{6C282167-40E8-40D4-9755-09FE578D0783}.Debug|Any CPU.Build.0 = Debug|Any CPU
		{6C282167-40E8-40D4-9755-09FE578D0783}.Release|Any CPU.ActiveCfg = Release|Any CPU
		{6C282167-40E8-40D4-9755-09FE578D0783}.Release|Any CPU.Build.0 = Release|Any CPU
	EndGlobalSection
	GlobalSection(SolutionProperties) = preSolution
		HideSolutionNode = FALSE
	EndGlobalSection
	GlobalSection(ExtensibilityGlobals) = postSolution
		SolutionGuid = {9B9DE983-319D-4D20-A0EE-DC4C4C39BD10}
	EndGlobalSection
EndGlobal
