
Microsoft Visual Studio Solution File, Format Version 12.00
# Visual Studio Version 17
VisualStudioVersion = 17.14.36203.30 d17.14
MinimumVisualStudioVersion = 10.0.40219.1
Project("{FAE04EC0-301F-11D3-BF4B-00C04F79EFBC}") = "Lesson4-Factory_EX", "Lesson4-Factory_EX\Lesson4-Factory_EX.csproj", "{622DA079-6929-432C-8C02-6D71FA127893}"
EndProject
Global
	GlobalSection(SolutionConfigurationPlatforms) = preSolution
		Debug|Any CPU = Debug|Any CPU
		Release|Any CPU = Release|Any CPU
	EndGlobalSection
	GlobalSection(ProjectConfigurationPlatforms) = postSolution
		{622DA079-6929-432C-8C02-6D71FA127893}.Debug|Any CPU.ActiveCfg = Debug|Any CPU
		{622DA079-6929-432C-8C02-6D71FA127893}.Debug|Any CPU.Build.0 = Debug|Any CPU
		{622DA079-6929-432C-8C02-6D71FA127893}.Release|Any CPU.ActiveCfg = Release|Any CPU
		{622DA079-6929-432C-8C02-6D71FA127893}.Release|Any CPU.Build.0 = Release|Any CPU
	EndGlobalSection
	GlobalSection(SolutionProperties) = preSolution
		HideSolutionNode = FALSE
	EndGlobalSection
	GlobalSection(ExtensibilityGlobals) = postSolution
		SolutionGuid = {DEED4555-005A-44EA-B08A-ADC39C75B4A7}
	EndGlobalSection
EndGlobal
